
Microsoft Visual Studio Solution File, Format Version 12.00
# Visual Studio Version 17
VisualStudioVersion = 17.2.32630.192
MinimumVisualStudioVersion = 10.0.40219.1
Project("{FAE04EC0-301F-11D3-BF4B-00C04F79EFBC}") = "Delegate assign 1", "Delegate assign 1\Delegate assign 1.csproj", "{50B97B26-3B68-446B-8599-50B984723E6E}"
EndProject
Global
	GlobalSection(SolutionConfigurationPlatforms) = preSolution
		Debug|Any CPU = Debug|Any CPU
		Release|Any CPU = Release|Any CPU
	EndGlobalSection
	GlobalSection(ProjectConfigurationPlatforms) = postSolution
		{50B97B26-3B68-446B-8599-50B984723E6E}.Debug|Any CPU.ActiveCfg = Debug|Any CPU
		{50B97B26-3B68-446B-8599-50B984723E6E}.Debug|Any CPU.Build.0 = Debug|Any CPU
		{50B97B26-3B68-446B-8599-50B984723E6E}.Release|Any CPU.ActiveCfg = Release|Any CPU
		{50B97B26-3B68-446B-8599-50B984723E6E}.Release|Any CPU.Build.0 = Release|Any CPU
	EndGlobalSection
	GlobalSection(SolutionProperties) = preSolution
		HideSolutionNode = FALSE
	EndGlobalSection
	GlobalSection(ExtensibilityGlobals) = postSolution
		SolutionGuid = {D6C1A30B-4AC5-4C38-B037-3C3CCD904D7C}
	EndGlobalSection
EndGlobal
